[[package]]
name = "aggdraw"
version = "1.3.16"
description = "High quality drawing interface for PIL."
category = "main"
optional = false
python-versions = ">=3.7"

[[package]]
name = "attrs"
version = "22.2.0"
description = "Classes Without Boilerplate"
category = "main"
optional = false
python-versions = ">=3.6"

[package.extras]
cov = ["attrs", "coverage-enable-subprocess", "coverage[toml] (>=5.3)"]
dev = ["attrs"]
docs = ["furo", "sphinx", "myst-parser", "zope.interface", "sphinx-notfound-page", "sphinxcontrib-towncrier", "towncrier"]
tests = ["attrs", "zope.interface"]
tests-no-zope = ["hypothesis", "pympler", "pytest (>=4.3.0)", "pytest-xdist", "cloudpickle", "mypy (>=0.971,<0.990)", "pytest-mypy-plugins"]
tests_no_zope = ["hypothesis", "pympler", "pytest (>=4.3.0)", "pytest-xdist", "cloudpickle", "mypy (>=0.971,<0.990)", "pytest-mypy-plugins"]

[[package]]
name = "beeprint"
version = "2.4.10"
description = "make your debug printing more friendly"
category = "main"
optional = false
python-versions = "*"

[package.dependencies]
urwid = "*"

[[package]]
name = "docopt"
version = "0.6.2"
description = "Pythonic argument parser, that will make you smile"
category = "main"
optional = false
python-versions = "*"

[[package]]
name = "imageio"
version = "2.26.0"
description = "Library for reading and writing a wide range of image, video, scientific, and volumetric data formats."
category = "main"
optional = false
python-versions = ">=3.7"

[package.dependencies]
numpy = "*"
pillow = ">=8.3.2"

[package.extras]
all-plugins = ["astropy", "av", "imageio-ffmpeg", "psutil", "tifffile"]
all-plugins-pypy = ["av", "imageio-ffmpeg", "psutil", "tifffile"]
build = ["wheel"]
dev = ["invoke", "pytest", "pytest-cov", "fsspec", "black", "flake8"]
docs = ["sphinx (<6)", "numpydoc", "pydata-sphinx-theme"]
ffmpeg = ["imageio-ffmpeg", "psutil"]
fits = ["astropy"]
full = ["astropy", "av", "black", "flake8", "fsspec", "gdal", "imageio-ffmpeg", "invoke", "itk", "numpydoc", "psutil", "pydata-sphinx-theme", "pytest", "pytest-cov", "sphinx (<6)", "tifffile", "wheel"]
gdal = ["gdal"]
itk = ["itk"]
linting = ["black", "flake8"]
pyav = ["av"]
test = ["invoke", "pytest", "pytest-cov", "fsspec"]
tifffile = ["tifffile"]

[[package]]
name = "lazy-loader"
version = "0.1"
description = "lazy_loader"
category = "main"
optional = false
python-versions = ">=3.7"

[package.extras]
lint = ["pre-commit (>=2.20)"]
test = ["pytest (>=7.1)", "pytest-cov (>=3.0)", "codecov (>=2.1)"]

[[package]]
name = "markdownmaker"
version = "0.4.0"
description = "An easy-to-use Python to Markdown generator."
category = "main"
optional = false
python-versions = ">=3.6"

[[package]]
name = "networkx"
version = "3.0"
description = "Python package for creating and manipulating graphs and networks"
category = "main"
optional = false
python-versions = ">=3.8"

[package.extras]
default = ["numpy (>=1.20)", "scipy (>=1.8)", "matplotlib (>=3.4)", "pandas (>=1.3)"]
developer = ["pre-commit (>=2.20)", "mypy (>=0.991)"]
doc = ["sphinx (==5.2.3)", "pydata-sphinx-theme (>=0.11)", "sphinx-gallery (>=0.11)", "numpydoc (>=1.5)", "pillow (>=9.2)", "nb2plots (>=0.6)", "texext (>=0.6.7)"]
extra = ["lxml (>=4.6)", "pygraphviz (>=1.10)", "pydot (>=1.4.2)", "sympy (>=1.10)"]
test = ["pytest (>=7.2)", "pytest-cov (>=4.0)", "codecov (>=2.1)"]

[[package]]
name = "numpy"
version = "1.24.2"
description = "Fundamental package for array computing in Python"
category = "main"
optional = false
python-versions = ">=3.8"

[[package]]
name = "packaging"
version = "23.0"
description = "Core utilities for Python packages"
category = "main"
optional = false
python-versions = ">=3.7"

[[package]]
name = "pillow"
version = "9.4.0"
description = "Python Imaging Library (Fork)"
category = "main"
optional = false
python-versions = ">=3.7"

[package.extras]
docs = ["furo", "olefile", "sphinx (>=2.4)", "sphinx-copybutton", "sphinx-inline-tabs", "sphinx-issues (>=3.0.1)", "sphinx-removed-in", "sphinxext-opengraph"]
tests = ["check-manifest", "coverage", "defusedxml", "markdown2", "olefile", "packaging", "pyroma", "pytest", "pytest-cov", "pytest-timeout"]

[[package]]
name = "psd-tools"
version = "1.9.24"
description = "Python package for working with Adobe Photoshop PSD files"
category = "main"
optional = false
python-versions = "*"

[package.dependencies]
aggdraw = "*"
attrs = ">=19.2.0"
docopt = ">=0.5"
numpy = "*"
Pillow = ">=6.2.0"
scikit-image = "*"
scipy = "*"

[[package]]
name = "pywavelets"
version = "1.4.1"
description = "PyWavelets, wavelet transform module"
category = "main"
optional = false
python-versions = ">=3.8"

[package.dependencies]
numpy = ">=1.17.3"

[[package]]
name = "pyyaml"
version = "6.0"
description = "YAML parser and emitter for Python"
category = "main"
optional = false
python-versions = ">=3.6"

[[package]]
name = "scikit-image"
version = "0.20.0"
description = "Image processing in Python"
category = "main"
optional = false
python-versions = ">=3.8"

[package.dependencies]
imageio = ">=2.4.1"
lazy_loader = ">=0.1"
networkx = ">=2.8"
numpy = ">=1.21.1"
packaging = ">=20.0"
pillow = ">=9.0.1"
PyWavelets = ">=1.1.1"
scipy = {version = ">=1.8", markers = "python_version > \"3.9\""}
tifffile = ">=2019.7.26"

[package.extras]
build = ["meson-python (>=0.13.0rc0)", "wheel", "setuptools (>=67)", "packaging (>=20)", "ninja", "Cython (>=0.29.24)", "pythran", "numpy (>=1.21.1)", "build"]
data = ["pooch (>=1.3.0)"]
default = ["numpy (>=1.21.1)", "scipy (>=1.8,<1.9.2)", "scipy (>=1.8)", "networkx (>=2.8)", "pillow (>=9.0.1)", "imageio (>=2.4.1)", "tifffile (>=2019.7.26)", "PyWavelets (>=1.1.1)", "packaging (>=20.0)", "lazy_loader (>=0.1)"]
developer = ["pre-commit", "rtoml"]
docs = ["sphinx (>=5.2)", "sphinx-gallery (>=0.11)", "numpydoc (>=1.5)", "sphinx-copybutton", "pytest-runner", "scikit-learn", "matplotlib (>=3.6)", "dask[array] (>=2022.9.2)", "pandas (>=1.5)", "seaborn (>=0.11)", "pooch (>=1.6)", "tifffile (>=2022.8.12)", "myst-parser", "ipywidgets", "plotly (>=5.10)", "kaleido"]
optional = ["simpleitk", "astropy (>=3.1.2)", "cloudpickle (>=0.2.1)", "dask[array] (>=1.0.0,!=2.17.0)", "matplotlib (>=3.3)", "pooch (>=1.3.0)", "pyamg"]
test = ["asv", "codecov", "matplotlib (>=3.3)", "pooch (>=1.3.0)", "pytest (>=5.2.0)", "pytest-cov (>=2.7.0)", "pytest-localserver", "pytest-faulthandler"]

[[package]]
name = "scipy"
version = "1.10.1"
description = "Fundamental algorithms for scientific computing in Python"
category = "main"
optional = false
python-versions = "<3.12,>=3.8"

[package.dependencies]
numpy = ">=1.19.5,<1.27.0"

[package.extras]
test = ["pytest", "pytest-cov", "pytest-timeout", "pytest-xdist", "asv", "mpmath", "gmpy2", "threadpoolctl", "scikit-umfpack", "pooch"]
doc = ["sphinx (!=4.1.0)", "pydata-sphinx-theme (==0.9.0)", "sphinx-design (>=0.2.0)", "matplotlib (>2)", "numpydoc"]
dev = ["mypy", "typing-extensions", "pycodestyle", "flake8", "rich-click", "click", "doit (>=0.36.0)", "pydevtool"]

[[package]]
name = "tifffile"
version = "2023.2.28"
description = "Read and write TIFF files"
category = "main"
optional = false
python-versions = ">=3.8"

[package.dependencies]
numpy = "*"

[package.extras]
all = ["imagecodecs (>=2023.1.23)", "matplotlib", "defusedxml", "lxml", "zarr", "fsspec"]

[[package]]
name = "urwid"
version = "2.1.2"
description = "A full-featured console (xterm et al.) user interface library"
category = "main"
optional = false
python-versions = "*"

[metadata]
lock-version = "1.1"
python-versions = ">=3.10,<3.11"
content-hash = "870d5b651716421d0200cbcf3b652aae99accae58b10a277c5db53a9c1bd13dc"

[metadata.files]
aggdraw = []
attrs = []
beeprint = [
    {file = "beeprint-2.4.10.tar.gz", hash = "sha256:b3cbe170718e696bfa05e074789212ba6aef5f096a5fd12717f14d4f1615a440"},
]
docopt = [
    {file = "docopt-0.6.2.tar.gz", hash = "sha256:49b3a825280bd66b3aa83585ef59c4a8c82f2c8a522dbe754a8bc8d08c85c491"},
]
imageio = []
lazy-loader = []
markdownmaker = []
networkx = []
numpy = []
packaging = []
pillow = []
psd-tools = []
pywavelets = []
pyyaml = []
scikit-image = []
scipy = []
tifffile = []
urwid = [
    {file = "urwid-2.1.2.tar.gz", hash = "sha256:588bee9c1cb208d0906a9f73c613d2bd32c3ed3702012f51efe318a3f2127eae"},
]
